// !$*UTF8*$!
{
	archiveVersion = 1;
	classes = {
	};
	objectVersion = 56;
	objects = {

/* Begin PBXBuildFile section */
		91743D072C85AC7000E040B2 /* WebView.swift in Sources */ = {isa = PBXBuildFile; fileRef = 91743D062C85AC7000E040B2 /* WebView.swift */; };
		918998F42C856B79006ED47A /* CalculatorModel.swift in Sources */ = {isa = PBXBuildFile; fileRef = 918998F32C856B79006ED47A /* CalculatorModel.swift */; };
		918998F62C856C6E006ED47A /* CalculatorController.swift in Sources */ = {isa = PBXBuildFile; fileRef = 918998F52C856C6E006ED47A /* CalculatorController.swift */; };
		919B8F6E2C64BFB600B7F3D8 /* Ecmo_Clinical_CalculatorApp.swift in Sources */ = {isa = PBXBuildFile; fileRef = 919B8F6D2C64BFB600B7F3D8 /* Ecmo_Clinical_CalculatorApp.swift */; };
		919B8F702C64BFB600B7F3D8 /* ContentView.swift in Sources */ = {isa = PBXBuildFile; fileRef = 919B8F6F2C64BFB600B7F3D8 /* ContentView.swift */; };
		919B8F722C64BFB900B7F3D8 /* Assets.xcassets in Resources */ = {isa = PBXBuildFile; fileRef = 919B8F712C64BFB900B7F3D8 /* Assets.xcassets */; };
		919B8F752C64BFB900B7F3D8 /* Preview Assets.xcassets in Resources */ = {isa = PBXBuildFile; fileRef = 919B8F742C64BFB900B7F3D8 /* Preview Assets.xcassets */; };
		919B8F7C2C64C69B00B7F3D8 /* CalculatorView.swift in Sources */ = {isa = PBXBuildFile; fileRef = 919B8F7B2C64C69A00B7F3D8 /* CalculatorView.swift */; };
		919B8F7E2C64C6B700B7F3D8 /* CannulaView.swift in Sources */ = {isa = PBXBuildFile; fileRef = 919B8F7D2C64C6B700B7F3D8 /* CannulaView.swift */; };
		919B8F802C64C6C800B7F3D8 /* ContactUsView.swift in Sources */ = {isa = PBXBuildFile; fileRef = 919B8F7F2C64C6C800B7F3D8 /* ContactUsView.swift */; };
		919B8F822C64CC5100B7F3D8 /* SplashScreen.swift in Sources */ = {isa = PBXBuildFile; fileRef = 919B8F812C64CC5100B7F3D8 /* SplashScreen.swift */; };
		919B8F842C64D59B00B7F3D8 /* CustomTabView.swift in Sources */ = {isa = PBXBuildFile; fileRef = 919B8F832C64D59B00B7F3D8 /* CustomTabView.swift */; };
		919B8F862C6502D000B7F3D8 /* Extensions.swift in Sources */ = {isa = PBXBuildFile; fileRef = 919B8F852C6502D000B7F3D8 /* Extensions.swift */; };
		91B8BD952C8849F500F7A247 /* FormulasView.swift in Sources */ = {isa = PBXBuildFile; fileRef = 91B8BD942C8849F500F7A247 /* FormulasView.swift */; };
		91B8BD972C886B1700F7A247 /* CannulaModel.swift in Sources */ = {isa = PBXBuildFile; fileRef = 91B8BD962C886B1700F7A247 /* CannulaModel.swift */; };
/* End PBXBuildFile section */

/* Begin PBXFileReference section */
		91743D062C85AC7000E040B2 /* WebView.swift */ = {isa = PBXFileReference; lastKnownFileType = sourcecode.swift; path = WebView.swift; sourceTree = "<group>"; };
		918998F32C856B79006ED47A /* CalculatorModel.swift */ = {isa = PBXFileReference; lastKnownFileType = sourcecode.swift; path = CalculatorModel.swift; sourceTree = "<group>"; };
		918998F52C856C6E006ED47A /* CalculatorController.swift */ = {isa = PBXFileReference; lastKnownFileType = sourcecode.swift; path = CalculatorController.swift; sourceTree = "<group>"; };
		919B8F6A2C64BFB600B7F3D8 /* Ecmo Clinical Calculator.app */ = {isa = PBXFileReference; explicitFileType = wrapper.application; includeInIndex = 0; path = "Ecmo Clinical Calculator.app"; sourceTree = BUILT_PRODUCTS_DIR; };
		919B8F6D2C64BFB600B7F3D8 /* Ecmo_Clinical_CalculatorApp.swift */ = {isa = PBXFileReference; lastKnownFileType = sourcecode.swift; path = Ecmo_Clinical_CalculatorApp.swift; sourceTree = "<group>"; };
		919B8F6F2C64BFB600B7F3D8 /* ContentView.swift */ = {isa = PBXFileReference; lastKnownFileType = sourcecode.swift; path = ContentView.swift; sourceTree = "<group>"; };
		919B8F712C64BFB900B7F3D8 /* Assets.xcassets */ = {isa = PBXFileReference; lastKnownFileType = folder.assetcatalog; path = Assets.xcassets; sourceTree = "<group>"; };
		919B8F742C64BFB900B7F3D8 /* Preview Assets.xcassets */ = {isa = PBXFileReference; lastKnownFileType = folder.assetcatalog; path = "Preview Assets.xcassets"; sourceTree = "<group>"; };
		919B8F7B2C64C69A00B7F3D8 /* CalculatorView.swift */ = {isa = PBXFileReference; lastKnownFileType = sourcecode.swift; path = CalculatorView.swift; sourceTree = "<group>"; };
		919B8F7D2C64C6B700B7F3D8 /* CannulaView.swift */ = {isa = PBXFileReference; lastKnownFileType = sourcecode.swift; path = CannulaView.swift; sourceTree = "<group>"; };
		919B8F7F2C64C6C800B7F3D8 /* ContactUsView.swift */ = {isa = PBXFileReference; lastKnownFileType = sourcecode.swift; path = ContactUsView.swift; sourceTree = "<group>"; };
		919B8F812C64CC5100B7F3D8 /* SplashScreen.swift */ = {isa = PBXFileReference; lastKnownFileType = sourcecode.swift; path = SplashScreen.swift; sourceTree = "<group>"; };
		919B8F832C64D59B00B7F3D8 /* CustomTabView.swift */ = {isa = PBXFileReference; lastKnownFileType = sourcecode.swift; path = CustomTabView.swift; sourceTree = "<group>"; };
		919B8F852C6502D000B7F3D8 /* Extensions.swift */ = {isa = PBXFileReference; lastKnownFileType = sourcecode.swift; path = Extensions.swift; sourceTree = "<group>"; };
		91B8BD942C8849F500F7A247 /* FormulasView.swift */ = {isa = PBXFileReference; lastKnownFileType = sourcecode.swift; path = FormulasView.swift; sourceTree = "<group>"; };
		91B8BD962C886B1700F7A247 /* CannulaModel.swift */ = {isa = PBXFileReference; lastKnownFileType = sourcecode.swift; path = CannulaModel.swift; sourceTree = "<group>"; };
/* End PBXFileReference section */

/* Begin PBXFrameworksBuildPhase section */
		919B8F672C64BFB600B7F3D8 /* Frameworks */ = {
			isa = PBXFrameworksBuildPhase;
			buildActionMask = 2147483647;
			files = (
			);
			runOnlyForDeploymentPostprocessing = 0;
		};
/* End PBXFrameworksBuildPhase section */

/* Begin PBXGroup section */
		918998F22C856B4F006ED47A /* Calculator */ = {
			isa = PBXGroup;
			children = (
				918998F32C856B79006ED47A /* CalculatorModel.swift */,
				919B8F7B2C64C69A00B7F3D8 /* CalculatorView.swift */,
				918998F52C856C6E006ED47A /* CalculatorController.swift */,
			);
			path = Calculator;
			sourceTree = "<group>";
		};
		918998F72C85749D006ED47A /* Cannula */ = {
			isa = PBXGroup;
			children = (
				919B8F7D2C64C6B700B7F3D8 /* CannulaView.swift */,
				91B8BD962C886B1700F7A247 /* CannulaModel.swift */,
				91B8BD942C8849F500F7A247 /* FormulasView.swift */,
			);
			path = Cannula;
			sourceTree = "<group>";
		};
		918998F82C8574B0006ED47A /* ContactUs */ = {
			isa = PBXGroup;
			children = (
				919B8F7F2C64C6C800B7F3D8 /* ContactUsView.swift */,
				91743D062C85AC7000E040B2 /* WebView.swift */,
			);
			path = ContactUs;
			sourceTree = "<group>";
		};
		918998F92C8574DD006ED47A /* Application */ = {
			isa = PBXGroup;
			children = (
				919B8F812C64CC5100B7F3D8 /* SplashScreen.swift */,
				919B8F6F2C64BFB600B7F3D8 /* ContentView.swift */,
				919B8F6D2C64BFB600B7F3D8 /* Ecmo_Clinical_CalculatorApp.swift */,
			);
			path = Application;
			sourceTree = "<group>";
		};
		918998FA2C85755D006ED47A /* TabBar */ = {
			isa = PBXGroup;
			children = (
				919B8F832C64D59B00B7F3D8 /* CustomTabView.swift */,
			);
			path = TabBar;
			sourceTree = "<group>";
		};
		918998FB2C857583006ED47A /* Extensions */ = {
			isa = PBXGroup;
			children = (
				919B8F852C6502D000B7F3D8 /* Extensions.swift */,
			);
			path = Extensions;
			sourceTree = "<group>";
		};
		919B8F612C64BFB600B7F3D8 = {
			isa = PBXGroup;
			children = (
				919B8F6C2C64BFB600B7F3D8 /* Ecmo Clinical Calculator */,
				919B8F6B2C64BFB600B7F3D8 /* Products */,
			);
			sourceTree = "<group>";
		};
		919B8F6B2C64BFB600B7F3D8 /* Products */ = {
			isa = PBXGroup;
			children = (
				919B8F6A2C64BFB600B7F3D8 /* Ecmo Clinical Calculator.app */,
			);
			name = Products;
			sourceTree = "<group>";
		};
		919B8F6C2C64BFB600B7F3D8 /* Ecmo Clinical Calculator */ = {
			isa = PBXGroup;
			children = (
				918998FB2C857583006ED47A /* Extensions */,
				918998FA2C85755D006ED47A /* TabBar */,
				918998F92C8574DD006ED47A /* Application */,
				918998F82C8574B0006ED47A /* ContactUs */,
				918998F72C85749D006ED47A /* Cannula */,
				918998F22C856B4F006ED47A /* Calculator */,
				919B8F712C64BFB900B7F3D8 /* Assets.xcassets */,
				919B8F732C64BFB900B7F3D8 /* Preview Content */,
			);
			path = "Ecmo Clinical Calculator";
			sourceTree = "<group>";
		};
		919B8F732C64BFB900B7F3D8 /* Preview Content */ = {
			isa = PBXGroup;
			children = (
				919B8F742C64BFB900B7F3D8 /* Preview Assets.xcassets */,
			);
			path = "Preview Content";
			sourceTree = "<group>";
		};
/* End PBXGroup section */

/* Begin PBXNativeTarget section */
		919B8F692C64BFB600B7F3D8 /* Ecmo Clinical Calculator */ = {
			isa = PBXNativeTarget;
			buildConfigurationList = 919B8F782C64BFB900B7F3D8 /* Build configuration list for PBXNativeTarget "Ecmo Clinical Calculator" */;
			buildPhases = (
				919B8F662C64BFB600B7F3D8 /* Sources */,
				919B8F672C64BFB600B7F3D8 /* Frameworks */,
				919B8F682C64BFB600B7F3D8 /* Resources */,
			);
			buildRules = (
			);
			dependencies = (
			);
			name = "Ecmo Clinical Calculator";
			productName = "Ecmo Clinical Calculator";
			productReference = 919B8F6A2C64BFB600B7F3D8 /* Ecmo Clinical Calculator.app */;
			productType = "com.apple.product-type.application";
		};
/* End PBXNativeTarget section */

/* Begin PBXProject section */
		919B8F622C64BFB600B7F3D8 /* Project object */ = {
			isa = PBXProject;
			attributes = {
				BuildIndependentTargetsInParallel = 1;
				LastSwiftUpdateCheck = 1540;
				LastUpgradeCheck = 1540;
				TargetAttributes = {
					919B8F692C64BFB600B7F3D8 = {
						CreatedOnToolsVersion = 15.4;
					};
				};
			};
			buildConfigurationList = 919B8F652C64BFB600B7F3D8 /* Build configuration list for PBXProject "Ecmo Clinical Calculator" */;
			compatibilityVersion = "Xcode 14.0";
			developmentRegion = en;
			hasScannedForEncodings = 0;
			knownRegions = (
				en,
				Base,
			);
			mainGroup = 919B8F612C64BFB600B7F3D8;
			productRefGroup = 919B8F6B2C64BFB600B7F3D8 /* Products */;
			projectDirPath = "";
			projectRoot = "";
			targets = (
				919B8F692C64BFB600B7F3D8 /* Ecmo Clinical Calculator */,
			);
		};
/* End PBXProject section */

/* Begin PBXResourcesBuildPhase section */
		919B8F682C64BFB600B7F3D8 /* Resources */ = {
			isa = PBXResourcesBuildPhase;
			buildActionMask = 2147483647;
			files = (
				919B8F752C64BFB900B7F3D8 /* Preview Assets.xcassets in Resources */,
				919B8F722C64BFB900B7F3D8 /* Assets.xcassets in Resources */,
			);
			runOnlyForDeploymentPostprocessing = 0;
		};
/* End PBXResourcesBuildPhase section */

/* Begin PBXSourcesBuildPhase section */
		919B8F662C64BFB600B7F3D8 /* Sources */ = {
			isa = PBXSourcesBuildPhase;
			buildActionMask = 2147483647;
			files = (
				919B8F822C64CC5100B7F3D8 /* SplashScreen.swift in Sources */,
				919B8F702C64BFB600B7F3D8 /* ContentView.swift in Sources */,
				919B8F802C64C6C800B7F3D8 /* ContactUsView.swift in Sources */,
				919B8F862C6502D000B7F3D8 /* Extensions.swift in Sources */,
				919B8F7E2C64C6B700B7F3D8 /* CannulaView.swift in Sources */,
				91B8BD952C8849F500F7A247 /* FormulasView.swift in Sources */,
				919B8F7C2C64C69B00B7F3D8 /* CalculatorView.swift in Sources */,
				918998F42C856B79006ED47A /* CalculatorModel.swift in Sources */,
				918998F62C856C6E006ED47A /* CalculatorController.swift in Sources */,
				919B8F6E2C64BFB600B7F3D8 /* Ecmo_Clinical_CalculatorApp.swift in Sources */,
				919B8F842C64D59B00B7F3D8 /* CustomTabView.swift in Sources */,
				91B8BD972C886B1700F7A247 /* CannulaModel.swift in Sources */,
				91743D072C85AC7000E040B2 /* WebView.swift in Sources */,
			);
			runOnlyForDeploymentPostprocessing = 0;
		};
/* End PBXSourcesBuildPhase section */

/* Begin XCBuildConfiguration section */
		919B8F762C64BFB900B7F3D8 /* Debug */ = {
			isa = XCBuildConfiguration;
			buildSettings = {
				ALWAYS_SEARCH_USER_PATHS = NO;
				ASSETCATALOG_COMPILER_GENERATE_SWIFT_ASSET_SYMBOL_EXTENSIONS = YES;
				CLANG_ANALYZER_NONNULL = YES;
				CLANG_ANALYZER_NUMBER_OBJECT_CONVERSION = YES_AGGRESSIVE;
				CLANG_CXX_LANGUAGE_STANDARD = "gnu++20";
				CLANG_ENABLE_MODULES = YES;
				CLANG_ENABLE_OBJC_ARC = YES;
				CLANG_ENABLE_OBJC_WEAK = YES;
				CLANG_WARN_BLOCK_CAPTURE_AUTORELEASING = YES;
				CLANG_WARN_BOOL_CONVERSION = YES;
				CLANG_WARN_COMMA = YES;
				CLANG_WARN_CONSTANT_CONVERSION = YES;
				CLANG_WARN_DEPRECATED_OBJC_IMPLEMENTATIONS = YES;
				CLANG_WARN_DIRECT_OBJC_ISA_USAGE = YES_ERROR;
				CLANG_WARN_DOCUMENTATION_COMMENTS = YES;
				CLANG_WARN_EMPTY_BODY = YES;
				CLANG_WARN_ENUM_CONVERSION = YES;
				CLANG_WARN_INFINITE_RECURSION = YES;
				CLANG_WARN_INT_CONVERSION = YES;
				CLANG_WARN_NON_LITERAL_NULL_CONVERSION = YES;
				CLANG_WARN_OBJC_IMPLICIT_RETAIN_SELF = YES;
				CLANG_WARN_OBJC_LITERAL_CONVERSION = YES;
				CLANG_WARN_OBJC_ROOT_CLASS = YES_ERROR;
				CLANG_WARN_QUOTED_INCLUDE_IN_FRAMEWORK_HEADER = YES;
				CLANG_WARN_RANGE_LOOP_ANALYSIS = YES;
				CLANG_WARN_STRICT_PROTOTYPES = YES;
				CLANG_WARN_SUSPICIOUS_MOVE = YES;
				CLANG_WARN_UNGUARDED_AVAILABILITY = YES_AGGRESSIVE;
				CLANG_WARN_UNREACHABLE_CODE = YES;
				CLANG_WARN__DUPLICATE_METHOD_MATCH = YES;
				COPY_PHASE_STRIP = NO;
				DEBUG_INFORMATION_FORMAT = dwarf;
				ENABLE_STRICT_OBJC_MSGSEND = YES;
				ENABLE_TESTABILITY = YES;
				ENABLE_USER_SCRIPT_SANDBOXING = YES;
				GCC_C_LANGUAGE_STANDARD = gnu17;
				GCC_DYNAMIC_NO_PIC = NO;
				GCC_NO_COMMON_BLOCKS = YES;
				GCC_OPTIMIZATION_LEVEL = 0;
				GCC_PREPROCESSOR_DEFINITIONS = (
					"DEBUG=1",
					"$(inherited)",
				);
				GCC_WARN_64_TO_32_BIT_CONVERSION = YES;
				GCC_WARN_ABOUT_RETURN_TYPE = YES_ERROR;
				GCC_WARN_UNDECLARED_SELECTOR = YES;
				GCC_WARN_UNINITIALIZED_AUTOS = YES_AGGRESSIVE;
				GCC_WARN_UNUSED_FUNCTION = YES;
				GCC_WARN_UNUSED_VARIABLE = YES;
				IPHONEOS_DEPLOYMENT_TARGET = 14.0;
				LOCALIZATION_PREFERS_STRING_CATALOGS = YES;
				MTL_ENABLE_DEBUG_INFO = INCLUDE_SOURCE;
				MTL_FAST_MATH = YES;
				ONLY_ACTIVE_ARCH = YES;
				SDKROOT = iphoneos;
				SWIFT_ACTIVE_COMPILATION_CONDITIONS = "DEBUG $(inherited)";
				SWIFT_OPTIMIZATION_LEVEL = "-Onone";
			};
			name = Debug;
		};
		919B8F772C64BFB900B7F3D8 /* Release */ = {
			isa = XCBuildConfiguration;
			buildSettings = {
				ALWAYS_SEARCH_USER_PATHS = NO;
				ASSETCATALOG_COMPILER_GENERATE_SWIFT_ASSET_SYMBOL_EXTENSIONS = YES;
				CLANG_ANALYZER_NONNULL = YES;
				CLANG_ANALYZER_NUMBER_OBJECT_CONVERSION = YES_AGGRESSIVE;
				CLANG_CXX_LANGUAGE_STANDARD = "gnu++20";
				CLANG_ENABLE_MODULES = YES;
				CLANG_ENABLE_OBJC_ARC = YES;
				CLANG_ENABLE_OBJC_WEAK = YES;
				CLANG_WARN_BLOCK_CAPTURE_AUTORELEASING = YES;
				CLANG_WARN_BOOL_CONVERSION = YES;
				CLANG_WARN_COMMA = YES;
				CLANG_WARN_CONSTANT_CONVERSION = YES;
				CLANG_WARN_DEPRECATED_OBJC_IMPLEMENTATIONS = YES;
				CLANG_WARN_DIRECT_OBJC_ISA_USAGE = YES_ERROR;
				CLANG_WARN_DOCUMENTATION_COMMENTS = YES;
				CLANG_WARN_EMPTY_BODY = YES;
				CLANG_WARN_ENUM_CONVERSION = YES;
				CLANG_WARN_INFINITE_RECURSION = YES;
				CLANG_WARN_INT_CONVERSION = YES;
				CLANG_WARN_NON_LITERAL_NULL_CONVERSION = YES;
				CLANG_WARN_OBJC_IMPLICIT_RETAIN_SELF = YES;
				CLANG_WARN_OBJC_LITERAL_CONVERSION = YES;
				CLANG_WARN_OBJC_ROOT_CLASS = YES_ERROR;
				CLANG_WARN_QUOTED_INCLUDE_IN_FRAMEWORK_HEADER = YES;
				CLANG_WARN_RANGE_LOOP_ANALYSIS = YES;
				CLANG_WARN_STRICT_PROTOTYPES = YES;
				CLANG_WARN_SUSPICIOUS_MOVE = YES;
				CLANG_WARN_UNGUARDED_AVAILABILITY = YES_AGGRESSIVE;
				CLANG_WARN_UNREACHABLE_CODE = YES;
				CLANG_WARN__DUPLICATE_METHOD_MATCH = YES;
				COPY_PHASE_STRIP = NO;
				DEBUG_INFORMATION_FORMAT = "dwarf-with-dsym";
				ENABLE_NS_ASSERTIONS = NO;
				ENABLE_STRICT_OBJC_MSGSEND = YES;
				ENABLE_USER_SCRIPT_SANDBOXING = YES;
				GCC_C_LANGUAGE_STANDARD = gnu17;
				GCC_NO_COMMON_BLOCKS = YES;
				GCC_WARN_64_TO_32_BIT_CONVERSION = YES;
				GCC_WARN_ABOUT_RETURN_TYPE = YES_ERROR;
				GCC_WARN_UNDECLARED_SELECTOR = YES;
				GCC_WARN_UNINITIALIZED_AUTOS = YES_AGGRESSIVE;
				GCC_WARN_UNUSED_FUNCTION = YES;
				GCC_WARN_UNUSED_VARIABLE = YES;
				IPHONEOS_DEPLOYMENT_TARGET = 14.0;
				LOCALIZATION_PREFERS_STRING_CATALOGS = YES;
				MTL_ENABLE_DEBUG_INFO = NO;
				MTL_FAST_MATH = YES;
				SDKROOT = iphoneos;
				SWIFT_COMPILATION_MODE = wholemodule;
				VALIDATE_PRODUCT = YES;
			};
			name = Release;
		};
		919B8F792C64BFB900B7F3D8 /* Debug */ = {
			isa = XCBuildConfiguration;
			buildSettings = {
				ASSETCATALOG_COMPILER_APPICON_NAME = AppIcon;
				ASSETCATALOG_COMPILER_GLOBAL_ACCENT_COLOR_NAME = AccentColor;
				ASSETCATALOG_COMPILER_INCLUDE_ALL_APPICON_ASSETS = NO;
				CODE_SIGN_STYLE = Automatic;
				CURRENT_PROJECT_VERSION = 1;
				DEVELOPMENT_ASSET_PATHS = "\"Ecmo Clinical Calculator/Preview Content\"";
				DEVELOPMENT_TEAM = HSSFDJ7Y26;
				ENABLE_PREVIEWS = YES;
				GENERATE_INFOPLIST_FILE = YES;
				INFOPLIST_KEY_CFBundleDisplayName = ECMO;
				INFOPLIST_KEY_LSApplicationCategoryType = "public.app-category.healthcare-fitness";
				INFOPLIST_KEY_UIApplicationSceneManifest_Generation = YES;
				INFOPLIST_KEY_UIApplicationSupportsIndirectInputEvents = YES;
				INFOPLIST_KEY_UILaunchScreen_Generation = YES;
				INFOPLIST_KEY_UIStatusBarHidden = YES;
				INFOPLIST_KEY_UISupportedInterfaceOrientations = "UIInterfaceOrientationLandscapeLeft UIInterfaceOrientationLandscapeRight UIInterfaceOrientationPortrait UIInterfaceOrientationPortraitUpsideDown";
				INFOPLIST_KEY_UISupportedInterfaceOrientations_iPad = UIInterfaceOrientationPortrait;
				IPHONEOS_DEPLOYMENT_TARGET = 15.0;
				LD_RUNPATH_SEARCH_PATHS = (
					"$(inherited)",
					"@executable_path/Frameworks",
				);
				MARKETING_VERSION = 1.0;
				PRODUCT_BUNDLE_IDENTIFIER = "it.techies.Ecmo-Clinical-Calculator";
				PRODUCT_NAME = "$(TARGET_NAME)";
				SWIFT_EMIT_LOC_STRINGS = YES;
				SWIFT_VERSION = 5.0;
				TARGETED_DEVICE_FAMILY = "1,2";
			};
			name = Debug;
		};
		919B8F7A2C64BFB900B7F3D8 /* Release */ = {
			isa = XCBuildConfiguration;
			buildSettings = {
				ASSETCATALOG_COMPILER_APPICON_NAME = AppIcon;
				ASSETCATALOG_COMPILER_GLOBAL_ACCENT_COLOR_NAME = AccentColor;
				ASSETCATALOG_COMPILER_INCLUDE_ALL_APPICON_ASSETS = NO;
				CODE_SIGN_STYLE = Automatic;
				CURRENT_PROJECT_VERSION = 1;
				DEVELOPMENT_ASSET_PATHS = "\"Ecmo Clinical Calculator/Preview Content\"";
				DEVELOPMENT_TEAM = HSSFDJ7Y26;
				ENABLE_PREVIEWS = YES;
				GENERATE_INFOPLIST_FILE = YES;
				INFOPLIST_KEY_CFBundleDisplayName = ECMO;
				INFOPLIST_KEY_LSApplicationCategoryType = "public.app-category.healthcare-fitness";
				INFOPLIST_KEY_UIApplicationSceneManifest_Generation = YES;
				INFOPLIST_KEY_UIApplicationSupportsIndirectInputEvents = YES;
				INFOPLIST_KEY_UILaunchScreen_Generation = YES;
				INFOPLIST_KEY_UIStatusBarHidden = YES;
				INFOPLIST_KEY_UISupportedInterfaceOrientations = "UIInterfaceOrientationLandscapeLeft UIInterfaceOrientationLandscapeRight UIInterfaceOrientationPortrait UIInterfaceOrientationPortraitUpsideDown";
				INFOPLIST_KEY_UISupportedInterfaceOrientations_iPad = UIInterfaceOrientationPortrait;
				IPHONEOS_DEPLOYMENT_TARGET = 15.0;
				LD_RUNPATH_SEARCH_PATHS = (
					"$(inherited)",
					"@executable_path/Frameworks",
				);
				MARKETING_VERSION = 1.0;
				PRODUCT_BUNDLE_IDENTIFIER = "it.techies.Ecmo-Clinical-Calculator";
				PRODUCT_NAME = "$(TARGET_NAME)";
				SWIFT_EMIT_LOC_STRINGS = YES;
				SWIFT_VERSION = 5.0;
				TARGETED_DEVICE_FAMILY = "1,2";
			};
			name = Release;
		};
/* End XCBuildConfiguration section */

/* Begin XCConfigurationList section */
		919B8F652C64BFB600B7F3D8 /* Build configuration list for PBXProject "Ecmo Clinical Calculator" */ = {
			isa = XCConfigurationList;
			buildConfigurations = (
				919B8F762C64BFB900B7F3D8 /* Debug */,
				919B8F772C64BFB900B7F3D8 /* Release */,
			);
			defaultConfigurationIsVisible = 0;
			defaultConfigurationName = Release;
		};
		919B8F782C64BFB900B7F3D8 /* Build configuration list for PBXNativeTarget "Ecmo Clinical Calculator" */ = {
			isa = XCConfigurationList;
			buildConfigurations = (
				919B8F792C64BFB900B7F3D8 /* Debug */,
				919B8F7A2C64BFB900B7F3D8 /* Release */,
			);
			defaultConfigurationIsVisible = 0;
			defaultConfigurationName = Release;
		};
/* End XCConfigurationList section */
	};
	rootObject = 919B8F622C64BFB600B7F3D8 /* Project object */;
}
